// !$*UTF8*$!
{
	archiveVersion = 1;
	classes = {
	};
	objectVersion = 48;
	objects = {

/* Begin PBXBuildFile section */
		4CC7C59620C263BF0082A7B1 /* AppDelegate.swift in Sources */ = {isa = PBXBuildFile; fileRef = 4CC7C59520C263BF0082A7B1 /* AppDelegate.swift */; };
		4CC7C59820C263BF0082A7B1 /* ViewController.swift in Sources */ = {isa = PBXBuildFile; fileRef = 4CC7C59720C263BF0082A7B1 /* ViewController.swift */; };
		4CC7C59B20C263BF0082A7B1 /* Main.storyboard in Resources */ = {isa = PBXBuildFile; fileRef = 4CC7C59920C263BF0082A7B1 /* Main.storyboard */; };
		4CC7C59E20C263BF0082A7B1 /* ToDoLIst.xcdatamodeld in Sources */ = {isa = PBXBuildFile; fileRef = 4CC7C59C20C263BF0082A7B1 /* ToDoLIst.xcdatamodeld */; };
		4CC7C5A020C263BF0082A7B1 /* Assets.xcassets in Resources */ = {isa = PBXBuildFile; fileRef = 4CC7C59F20C263BF0082A7B1 /* Assets.xcassets */; };
		4CC7C5A320C263BF0082A7B1 /* LaunchScreen.storyboard in Resources */ = {isa = PBXBuildFile; fileRef = 4CC7C5A120C263BF0082A7B1 /* LaunchScreen.storyboard */; };
/* End PBXBuildFile section */

/* Begin PBXFileReference section */
		4CC7C59220C263BF0082A7B1 /* ToDoLIst.app */ = {isa = PBXFileReference; explicitFileType = wrapper.application; includeInIndex = 0; path = ToDoLIst.app; sourceTree = BUILT_PRODUCTS_DIR; };
		4CC7C59520C263BF0082A7B1 /* AppDelegate.swift */ = {isa = PBXFileReference; lastKnownFileType = sourcecode.swift; path = AppDelegate.swift; sourceTree = "<group>"; };
		4CC7C59720C263BF0082A7B1 /* ViewController.swift */ = {isa = PBXFileReference; lastKnownFileType = sourcecode.swift; path = ViewController.swift; sourceTree = "<group>"; };
		4CC7C59A20C263BF0082A7B1 /* Base */ = {isa = PBXFileReference; lastKnownFileType = file.storyboard; name = Base; path = Base.lproj/Main.storyboard; sourceTree = "<group>"; };
		4CC7C59D20C263BF0082A7B1 /* ToDoLIst.xcdatamodel */ = {isa = PBXFileReference; lastKnownFileType = wrapper.xcdatamodel; path = ToDoLIst.xcdatamodel; sourceTree = "<group>"; };
		4CC7C59F20C263BF0082A7B1 /* Assets.xcassets */ = {isa = PBXFileReference; lastKnownFileType = folder.assetcatalog; path = Assets.xcassets; sourceTree = "<group>"; };
		4CC7C5A220C263BF0082A7B1 /* Base */ = {isa = PBXFileReference; lastKnownFileType = file.storyboard; name = Base; path = Base.lproj/LaunchScreen.storyboard; sourceTree = "<group>"; };
		4CC7C5A420C263BF0082A7B1 /* Info.plist */ = {isa = PBXFileReference; lastKnownFileType = text.plist.xml; path = Info.plist; sourceTree = "<group>"; };
/* End PBXFileReference section */

/* Begin PBXFrameworksBuildPhase section */
		4CC7C58F20C263BF0082A7B1 /* Frameworks */ = {
			isa = PBXFrameworksBuildPhase;
			buildActionMask = 2147483647;
			files = (
			);
			runOnlyForDeploymentPostprocessing = 0;
		};
/* End PBXFrameworksBuildPhase section */

/* Begin PBXGroup section */
		4CC7C58920C263BF0082A7B1 = {
			isa = PBXGroup;
			children = (
				4CC7C59420C263BF0082A7B1 /* ToDoLIst */,
				4CC7C59320C263BF0082A7B1 /* Products */,
			);
			sourceTree = "<group>";
		};
		4CC7C59320C263BF0082A7B1 /* Products */ = {
			isa = PBXGroup;
			children = (
				4CC7C59220C263BF0082A7B1 /* ToDoLIst.app */,
			);
			name = Products;
			sourceTree = "<group>";
		};
		4CC7C59420C263BF0082A7B1 /* ToDoLIst */ = {
			isa = PBXGroup;
			children = (
				4CC7C59520C263BF0082A7B1 /* AppDelegate.swift */,
				4CC7C59720C263BF0082A7B1 /* ViewController.swift */,
				4CC7C59920C263BF0082A7B1 /* Main.storyboard */,
				4CC7C59F20C263BF0082A7B1 /* Assets.xcassets */,
				4CC7C5A120C263BF0082A7B1 /* LaunchScreen.storyboard */,
				4CC7C5A420C263BF0082A7B1 /* Info.plist */,
				4CC7C59C20C263BF0082A7B1 /* ToDoLIst.xcdatamodeld */,
			);
			path = ToDoLIst;
			sourceTree = "<group>";
		};
/* End PBXGroup section */

/* Begin PBXNativeTarget section */
		4CC7C59120C263BF0082A7B1 /* ToDoLIst */ = {
			isa = PBXNativeTarget;
			buildConfigurationList = 4CC7C5A720C263BF0082A7B1 /* Build configuration list for PBXNativeTarget "ToDoLIst" */;
			buildPhases = (
				4CC7C58E20C263BF0082A7B1 /* Sources */,
				4CC7C58F20C263BF0082A7B1 /* Frameworks */,
				4CC7C59020C263BF0082A7B1 /* Resources */,
			);
			buildRules = (
			);
			dependencies = (
			);
			name = ToDoLIst;
			productName = ToDoLIst;
			productReference = 4CC7C59220C263BF0082A7B1 /* ToDoLIst.app */;
			productType = "com.apple.product-type.application";
		};
/* End PBXNativeTarget section */

/* Begin PBXProject section */
		4CC7C58A20C263BF0082A7B1 /* Project object */ = {
			isa = PBXProject;
			attributes = {
				LastSwiftUpdateCheck = 0920;
				LastUpgradeCheck = 0920;
				ORGANIZATIONNAME = "poonam-bhadikar";
				TargetAttributes = {
					4CC7C59120C263BF0082A7B1 = {
						CreatedOnToolsVersion = 9.2;
						ProvisioningStyle = Automatic;
					};
				};
			};
			buildConfigurationList = 4CC7C58D20C263BF0082A7B1 /* Build configuration list for PBXProject "ToDoLIst" */;
			compatibilityVersion = "Xcode 8.0";
			developmentRegion = en;
			hasScannedForEncodings = 0;
			knownRegions = (
				en,
				Base,
			);
			mainGroup = 4CC7C58920C263BF0082A7B1;
			productRefGroup = 4CC7C59320C263BF0082A7B1 /* Products */;
			projectDirPath = "";
			projectRoot = "";
			targets = (
				4CC7C59120C263BF0082A7B1 /* ToDoLIst */,
			);
		};
/* End PBXProject section */

/* Begin PBXResourcesBuildPhase section */
		4CC7C59020C263BF0082A7B1 /* Resources */ = {
			isa = PBXResourcesBuildPhase;
			buildActionMask = 2147483647;
			files = (
				4CC7C5A320C263BF0082A7B1 /* LaunchScreen.storyboard in Resources */,
				4CC7C5A020C263BF0082A7B1 /* Assets.xcassets in Resources */,
				4CC7C59B20C263BF0082A7B1 /* Main.storyboard in Resources */,
			);
			runOnlyForDeploymentPostprocessing = 0;
		};
/* End PBXResourcesBuildPhase section */

/* Begin PBXSourcesBuildPhase section */
		4CC7C58E20C263BF0082A7B1 /* Sources */ = {
			isa = PBXSourcesBuildPhase;
			buildActionMask = 2147483647;
			files = (
				4CC7C59820C263BF0082A7B1 /* ViewController.swift in Sources */,
				4CC7C59E20C263BF0082A7B1 /* ToDoLIst.xcdatamodeld in Sources */,
				4CC7C59620C263BF0082A7B1 /* AppDelegate.swift in Sources */,
			);
			runOnlyForDeploymentPostprocessing = 0;
		};
/* End PBXSourcesBuildPhase section */

/* Begin PBXVariantGroup section */
		4CC7C59920C263BF0082A7B1 /* Main.storyboard */ = {
			isa = PBXVariantGroup;
			children = (
				4CC7C59A20C263BF0082A7B1 /* Base */,
			);
			name = Main.storyboard;
			sourceTree = "<group>";
		};
		4CC7C5A120C263BF0082A7B1 /* LaunchScreen.storyboard */ = {
			isa = PBXVariantGroup;
			children = (
				4CC7C5A220C263BF0082A7B1 /* Base */,
			);
			name = LaunchScreen.storyboard;
			sourceTree = "<group>";
		};
/* End PBXVariantGroup section */

/* Begin XCBuildConfiguration section */
		4CC7C5A520C263BF0082A7B1 /* Debug */ = {
			isa = XCBuildConfiguration;
			buildSettings = {
				ALWAYS_SEARCH_USER_PATHS = NO;
				CLANG_ANALYZER_NONNULL = YES;
				CLANG_ANALYZER_NUMBER_OBJECT_CONVERSION = YES_AGGRESSIVE;
				CLANG_CXX_LANGUAGE_STANDARD = "gnu++14";
				CLANG_CXX_LIBRARY = "libc++";
				CLANG_ENABLE_MODULES = YES;
				CLANG_ENABLE_OBJC_ARC = YES;
				CLANG_WARN_BLOCK_CAPTURE_AUTORELEASING = YES;
				CLANG_WARN_BOOL_CONVERSION = YES;
				CLANG_WARN_COMMA = YES;
				CLANG_WARN_CONSTANT_CONVERSION = YES;
				CLANG_WARN_DIRECT_OBJC_ISA_USAGE = YES_ERROR;
				CLANG_WARN_DOCUMENTATION_COMMENTS = YES;
				CLANG_WARN_EMPTY_BODY = YES;
				CLANG_WARN_ENUM_CONVERSION = YES;
				CLANG_WARN_INFINITE_RECURSION = YES;
				CLANG_WARN_INT_CONVERSION = YES;
				CLANG_WARN_NON_LITERAL_NULL_CONVERSION = YES;
				CLANG_WARN_OBJC_LITERAL_CONVERSION = YES;
				CLANG_WARN_OBJC_ROOT_CLASS = YES_ERROR;
				CLANG_WARN_RANGE_LOOP_ANALYSIS = YES;
				CLANG_WARN_STRICT_PROTOTYPES = YES;
				CLANG_WARN_SUSPICIOUS_MOVE = YES;
				CLANG_WARN_UNGUARDED_AVAILABILITY = YES_AGGRESSIVE;
				CLANG_WARN_UNREACHABLE_CODE = YES;
				CLANG_WARN__DUPLICATE_METHOD_MATCH = YES;
				CODE_SIGN_IDENTITY = "iPhone Developer";
				COPY_PHASE_STRIP = NO;
				DEBUG_INFORMATION_FORMAT = dwarf;
				ENABLE_STRICT_OBJC_MSGSEND = YES;
				ENABLE_TESTABILITY = YES;
				GCC_C_LANGUAGE_STANDARD = gnu11;
				GCC_DYNAMIC_NO_PIC = NO;
				GCC_NO_COMMON_BLOCKS = YES;
				GCC_OPTIMIZATION_LEVEL = 0;
				GCC_PREPROCESSOR_DEFINITIONS = (
					"DEBUG=1",
					"$(inherited)",
				);
				GCC_WARN_64_TO_32_BIT_CONVERSION = YES;
				GCC_WARN_ABOUT_RETURN_TYPE = YES_ERROR;
				GCC_WARN_UNDECLARED_SELECTOR = YES;
				GCC_WARN_UNINITIALIZED_AUTOS = YES_AGGRESSIVE;
				GCC_WARN_UNUSED_FUNCTION = YES;
				GCC_WARN_UNUSED_VARIABLE = YES;
				IPHONEOS_DEPLOYMENT_TARGET = 11.2;
				MTL_ENABLE_DEBUG_INFO = YES;
				ONLY_ACTIVE_ARCH = YES;
				SDKROOT = iphoneos;
				SWIFT_ACTIVE_COMPILATION_CONDITIONS = DEBUG;
				SWIFT_OPTIMIZATION_LEVEL = "-Onone";
			};
			name = Debug;
		};
		4CC7C5A620C263BF0082A7B1 /* Release */ = {
			isa = XCBuildConfiguration;
			buildSettings = {
				ALWAYS_SEARCH_USER_PATHS = NO;
				CLANG_ANALYZER_NONNULL = YES;
				CLANG_ANALYZER_NUMBER_OBJECT_CONVERSION = YES_AGGRESSIVE;
				CLANG_CXX_LANGUAGE_STANDARD = "gnu++14";
				CLANG_CXX_LIBRARY = "libc++";
				CLANG_ENABLE_MODULES = YES;
				CLANG_ENABLE_OBJC_ARC = YES;
				CLANG_WARN_BLOCK_CAPTURE_AUTORELEASING = YES;
				CLANG_WARN_BOOL_CONVERSION = YES;
				CLANG_WARN_COMMA = YES;
				CLANG_WARN_CONSTANT_CONVERSION = YES;
				CLANG_WARN_DIRECT_OBJC_ISA_USAGE = YES_ERROR;
				CLANG_WARN_DOCUMENTATION_COMMENTS = YES;
				CLANG_WARN_EMPTY_BODY = YES;
				CLANG_WARN_ENUM_CONVERSION = YES;
				CLANG_WARN_INFINITE_RECURSION = YES;
				CLANG_WARN_INT_CONVERSION = YES;
				CLANG_WARN_NON_LITERAL_NULL_CONVERSION = YES;
				CLANG_WARN_OBJC_LITERAL_CONVERSION = YES;
				CLANG_WARN_OBJC_ROOT_CLASS = YES_ERROR;
				CLANG_WARN_RANGE_LOOP_ANALYSIS = YES;
				CLANG_WARN_STRICT_PROTOTYPES = YES;
				CLANG_WARN_SUSPICIOUS_MOVE = YES;
				CLANG_WARN_UNGUARDED_AVAILABILITY = YES_AGGRESSIVE;
				CLANG_WARN_UNREACHABLE_CODE = YES;
				CLANG_WARN__DUPLICATE_METHOD_MATCH = YES;
				CODE_SIGN_IDENTITY = "iPhone Developer";
				COPY_PHASE_STRIP = NO;
				DEBUG_INFORMATION_FORMAT = "dwarf-with-dsym";
				ENABLE_NS_ASSERTIONS = NO;
				ENABLE_STRICT_OBJC_MSGSEND = YES;
				GCC_C_LANGUAGE_STANDARD = gnu11;
				GCC_NO_COMMON_BLOCKS = YES;
				GCC_WARN_64_TO_32_BIT_CONVERSION = YES;
				GCC_WARN_ABOUT_RETURN_TYPE = YES_ERROR;
				GCC_WARN_UNDECLARED_SELECTOR = YES;
				GCC_WARN_UNINITIALIZED_AUTOS = YES_AGGRESSIVE;
				GCC_WARN_UNUSED_FUNCTION = YES;
				GCC_WARN_UNUSED_VARIABLE = YES;
				IPHONEOS_DEPLOYMENT_TARGET = 11.2;
				MTL_ENABLE_DEBUG_INFO = NO;
				SDKROOT = iphoneos;
				SWIFT_OPTIMIZATION_LEVEL = "-Owholemodule";
				VALIDATE_PRODUCT = YES;
			};
			name = Release;
		};
		4CC7C5A820C263BF0082A7B1 /* Debug */ = {
			isa = XCBuildConfiguration;
			buildSettings = {
				ASSETCATALOG_COMPILER_APPICON_NAME = AppIcon;
				CODE_SIGN_STYLE = Automatic;
				INFOPLIST_FILE = ToDoLIst/Info.plist;
				LD_RUNPATH_SEARCH_PATHS = "$(inherited) @executable_path/Frameworks";
				PRODUCT_BUNDLE_IDENTIFIER = com.Prime.ToDoLIst;
				PRODUCT_NAME = "$(TARGET_NAME)";
				SWIFT_VERSION = 4.0;
				TARGETED_DEVICE_FAMILY = "1,2";
			};
			name = Debug;
		};
		4CC7C5A920C263BF0082A7B1 /* Release */ = {
			isa = XCBuildConfiguration;
			buildSettings = {
				ASSETCATALOG_COMPILER_APPICON_NAME = AppIcon;
				CODE_SIGN_STYLE = Automatic;
				INFOPLIST_FILE = ToDoLIst/Info.plist;
				LD_RUNPATH_SEARCH_PATHS = "$(inherited) @executable_path/Frameworks";
				PRODUCT_BUNDLE_IDENTIFIER = com.Prime.ToDoLIst;
				PRODUCT_NAME = "$(TARGET_NAME)";
				SWIFT_VERSION = 4.0;
				TARGETED_DEVICE_FAMILY = "1,2";
			};
			name = Release;
		};
/* End XCBuildConfiguration section */

/* Begin XCConfigurationList section */
		4CC7C58D20C263BF0082A7B1 /* Build configuration list for PBXProject "ToDoLIst" */ = {
			isa = XCConfigurationList;
			buildConfigurations = (
				4CC7C5A520C263BF0082A7B1 /* Debug */,
				4CC7C5A620C263BF0082A7B1 /* Release */,
			);
			defaultConfigurationIsVisible = 0;
			defaultConfigurationName = Release;
		};
		4CC7C5A720C263BF0082A7B1 /* Build configuration list for PBXNativeTarget "ToDoLIst" */ = {
			isa = XCConfigurationList;
			buildConfigurations = (
				4CC7C5A820C263BF0082A7B1 /* Debug */,
				4CC7C5A920C263BF0082A7B1 /* Release */,
			);
			defaultConfigurationIsVisible = 0;
			defaultConfigurationName = Release;
		};
/* End XCConfigurationList section */

/* Begin XCVersionGroup section */
		4CC7C59C20C263BF0082A7B1 /* ToDoLIst.xcdatamodeld */ = {
			isa = XCVersionGroup;
			children = (
				4CC7C59D20C263BF0082A7B1 /* ToDoLIst.xcdatamodel */,
			);
			currentVersion = 4CC7C59D20C263BF0082A7B1 /* ToDoLIst.xcdatamodel */;
			path = ToDoLIst.xcdatamodeld;
			sourceTree = "<group>";
			versionGroupType = wrapper.xcdatamodel;
		};
/* End XCVersionGroup section */
	};
	rootObject = 4CC7C58A20C263BF0082A7B1 /* Project object */;
}
