// !$*UTF8*$!
{
	archiveVersion = 1;
	classes = {
	};
	objectVersion = 48;
	objects = {

/* Begin PBXBuildFile section */
		4C059B1B224F06D000121017 /* AppDelegate.swift in Sources */ = {isa = PBXBuildFile; fileRef = 4C059B1A224F06D000121017 /* AppDelegate.swift */; };
		4C059B1D224F06D000121017 /* ViewController.swift in Sources */ = {isa = PBXBuildFile; fileRef = 4C059B1C224F06D000121017 /* ViewController.swift */; };
		4C059B20224F06D000121017 /* Main.storyboard in Resources */ = {isa = PBXBuildFile; fileRef = 4C059B1E224F06D000121017 /* Main.storyboard */; };
		4C059B22224F06D000121017 /* Assets.xcassets in Resources */ = {isa = PBXBuildFile; fileRef = 4C059B21224F06D000121017 /* Assets.xcassets */; };
		4C059B25224F06D000121017 /* LaunchScreen.storyboard in Resources */ = {isa = PBXBuildFile; fileRef = 4C059B23224F06D000121017 /* LaunchScreen.storyboard */; };
		4C059B2D224F080300121017 /* Network.swift in Sources */ = {isa = PBXBuildFile; fileRef = 4C059B2C224F080300121017 /* Network.swift */; };
		4C1EAEE2224F39BC00F411B8 /* WhetherHelper.swift in Sources */ = {isa = PBXBuildFile; fileRef = 4C1EAEE1224F39BC00F411B8 /* WhetherHelper.swift */; };
		4C4F636F224F855400EBB5A7 /* DatabaseModel.xcdatamodeld in Sources */ = {isa = PBXBuildFile; fileRef = 4C4F636D224F855400EBB5A7 /* DatabaseModel.xcdatamodeld */; };
		4C4F6371224F886B00EBB5A7 /* DataBaseManager.swift in Sources */ = {isa = PBXBuildFile; fileRef = 4C4F6370224F886B00EBB5A7 /* DataBaseManager.swift */; };
		4C7139B4224F416B00B2F449 /* Whether.swift in Sources */ = {isa = PBXBuildFile; fileRef = 4C7139B3224F416B00B2F449 /* Whether.swift */; };
/* End PBXBuildFile section */

/* Begin PBXFileReference section */
		4C059B17224F06D000121017 /* Weather App.app */ = {isa = PBXFileReference; explicitFileType = wrapper.application; includeInIndex = 0; path = "Weather App.app"; sourceTree = BUILT_PRODUCTS_DIR; };
		4C059B1A224F06D000121017 /* AppDelegate.swift */ = {isa = PBXFileReference; lastKnownFileType = sourcecode.swift; path = AppDelegate.swift; sourceTree = "<group>"; };
		4C059B1C224F06D000121017 /* ViewController.swift */ = {isa = PBXFileReference; lastKnownFileType = sourcecode.swift; path = ViewController.swift; sourceTree = "<group>"; };
		4C059B1F224F06D000121017 /* Base */ = {isa = PBXFileReference; lastKnownFileType = file.storyboard; name = Base; path = Base.lproj/Main.storyboard; sourceTree = "<group>"; };
		4C059B21224F06D000121017 /* Assets.xcassets */ = {isa = PBXFileReference; lastKnownFileType = folder.assetcatalog; path = Assets.xcassets; sourceTree = "<group>"; };
		4C059B24224F06D000121017 /* Base */ = {isa = PBXFileReference; lastKnownFileType = file.storyboard; name = Base; path = Base.lproj/LaunchScreen.storyboard; sourceTree = "<group>"; };
		4C059B26224F06D000121017 /* Info.plist */ = {isa = PBXFileReference; lastKnownFileType = text.plist.xml; path = Info.plist; sourceTree = "<group>"; };
		4C059B2C224F080300121017 /* Network.swift */ = {isa = PBXFileReference; lastKnownFileType = sourcecode.swift; path = Network.swift; sourceTree = "<group>"; };
		4C1EAEE1224F39BC00F411B8 /* WhetherHelper.swift */ = {isa = PBXFileReference; lastKnownFileType = sourcecode.swift; path = WhetherHelper.swift; sourceTree = "<group>"; };
		4C4F636E224F855400EBB5A7 /* DatabaseModel.xcdatamodel */ = {isa = PBXFileReference; lastKnownFileType = wrapper.xcdatamodel; path = DatabaseModel.xcdatamodel; sourceTree = "<group>"; };
		4C4F6370224F886B00EBB5A7 /* DataBaseManager.swift */ = {isa = PBXFileReference; lastKnownFileType = sourcecode.swift; path = DataBaseManager.swift; sourceTree = "<group>"; };
		4C7139B3224F416B00B2F449 /* Whether.swift */ = {isa = PBXFileReference; lastKnownFileType = sourcecode.swift; path = Whether.swift; sourceTree = "<group>"; };
/* End PBXFileReference section */

/* Begin PBXFrameworksBuildPhase section */
		4C059B14224F06D000121017 /* Frameworks */ = {
			isa = PBXFrameworksBuildPhase;
			buildActionMask = 2147483647;
			files = (
			);
			runOnlyForDeploymentPostprocessing = 0;
		};
/* End PBXFrameworksBuildPhase section */

/* Begin PBXGroup section */
		4C059B0E224F06D000121017 = {
			isa = PBXGroup;
			children = (
				4C059B19224F06D000121017 /* Weather App */,
				4C059B18224F06D000121017 /* Products */,
			);
			sourceTree = "<group>";
		};
		4C059B18224F06D000121017 /* Products */ = {
			isa = PBXGroup;
			children = (
				4C059B17224F06D000121017 /* Weather App.app */,
			);
			name = Products;
			sourceTree = "<group>";
		};
		4C059B19224F06D000121017 /* Weather App */ = {
			isa = PBXGroup;
			children = (
				4C059B1A224F06D000121017 /* AppDelegate.swift */,
				4C4F636D224F855400EBB5A7 /* DatabaseModel.xcdatamodeld */,
				4C059B1C224F06D000121017 /* ViewController.swift */,
				4C059B1E224F06D000121017 /* Main.storyboard */,
				4C059B21224F06D000121017 /* Assets.xcassets */,
				4C059B23224F06D000121017 /* LaunchScreen.storyboard */,
				4C059B26224F06D000121017 /* Info.plist */,
				4C059B2F224F081400121017 /* Model */,
				4C1EAEE1224F39BC00F411B8 /* WhetherHelper.swift */,
				4C7139B3224F416B00B2F449 /* Whether.swift */,
				4C4F6370224F886B00EBB5A7 /* DataBaseManager.swift */,
			);
			path = "Weather App";
			sourceTree = "<group>";
		};
		4C059B2F224F081400121017 /* Model */ = {
			isa = PBXGroup;
			children = (
				4C059B2C224F080300121017 /* Network.swift */,
			);
			path = Model;
			sourceTree = "<group>";
		};
/* End PBXGroup section */

/* Begin PBXNativeTarget section */
		4C059B16224F06D000121017 /* Weather App */ = {
			isa = PBXNativeTarget;
			buildConfigurationList = 4C059B29224F06D000121017 /* Build configuration list for PBXNativeTarget "Weather App" */;
			buildPhases = (
				4C059B13224F06D000121017 /* Sources */,
				4C059B14224F06D000121017 /* Frameworks */,
				4C059B15224F06D000121017 /* Resources */,
			);
			buildRules = (
			);
			dependencies = (
			);
			name = "Weather App";
			productName = "Weather App";
			productReference = 4C059B17224F06D000121017 /* Weather App.app */;
			productType = "com.apple.product-type.application";
		};
/* End PBXNativeTarget section */

/* Begin PBXProject section */
		4C059B0F224F06D000121017 /* Project object */ = {
			isa = PBXProject;
			attributes = {
				LastSwiftUpdateCheck = 0920;
				LastUpgradeCheck = 0920;
				ORGANIZATIONNAME = "poonam-bhadikar";
				TargetAttributes = {
					4C059B16224F06D000121017 = {
						CreatedOnToolsVersion = 9.2;
						ProvisioningStyle = Automatic;
					};
				};
			};
			buildConfigurationList = 4C059B12224F06D000121017 /* Build configuration list for PBXProject "Weather App" */;
			compatibilityVersion = "Xcode 8.0";
			developmentRegion = en;
			hasScannedForEncodings = 0;
			knownRegions = (
				en,
				Base,
			);
			mainGroup = 4C059B0E224F06D000121017;
			productRefGroup = 4C059B18224F06D000121017 /* Products */;
			projectDirPath = "";
			projectRoot = "";
			targets = (
				4C059B16224F06D000121017 /* Weather App */,
			);
		};
/* End PBXProject section */

/* Begin PBXResourcesBuildPhase section */
		4C059B15224F06D000121017 /* Resources */ = {
			isa = PBXResourcesBuildPhase;
			buildActionMask = 2147483647;
			files = (
				4C059B25224F06D000121017 /* LaunchScreen.storyboard in Resources */,
				4C059B22224F06D000121017 /* Assets.xcassets in Resources */,
				4C059B20224F06D000121017 /* Main.storyboard in Resources */,
			);
			runOnlyForDeploymentPostprocessing = 0;
		};
/* End PBXResourcesBuildPhase section */

/* Begin PBXSourcesBuildPhase section */
		4C059B13224F06D000121017 /* Sources */ = {
			isa = PBXSourcesBuildPhase;
			buildActionMask = 2147483647;
			files = (
				4C059B1D224F06D000121017 /* ViewController.swift in Sources */,
				4C7139B4224F416B00B2F449 /* Whether.swift in Sources */,
				4C1EAEE2224F39BC00F411B8 /* WhetherHelper.swift in Sources */,
				4C059B1B224F06D000121017 /* AppDelegate.swift in Sources */,
				4C4F6371224F886B00EBB5A7 /* DataBaseManager.swift in Sources */,
				4C4F636F224F855400EBB5A7 /* DatabaseModel.xcdatamodeld in Sources */,
				4C059B2D224F080300121017 /* Network.swift in Sources */,
			);
			runOnlyForDeploymentPostprocessing = 0;
		};
/* End PBXSourcesBuildPhase section */

/* Begin PBXVariantGroup section */
		4C059B1E224F06D000121017 /* Main.storyboard */ = {
			isa = PBXVariantGroup;
			children = (
				4C059B1F224F06D000121017 /* Base */,
			);
			name = Main.storyboard;
			sourceTree = "<group>";
		};
		4C059B23224F06D000121017 /* LaunchScreen.storyboard */ = {
			isa = PBXVariantGroup;
			children = (
				4C059B24224F06D000121017 /* Base */,
			);
			name = LaunchScreen.storyboard;
			sourceTree = "<group>";
		};
/* End PBXVariantGroup section */

/* Begin XCBuildConfiguration section */
		4C059B27224F06D000121017 /* Debug */ = {
			isa = XCBuildConfiguration;
			buildSettings = {
				ALWAYS_SEARCH_USER_PATHS = NO;
				CLANG_ANALYZER_NONNULL = YES;
				CLANG_ANALYZER_NUMBER_OBJECT_CONVERSION = YES_AGGRESSIVE;
				CLANG_CXX_LANGUAGE_STANDARD = "gnu++14";
				CLANG_CXX_LIBRARY = "libc++";
				CLANG_ENABLE_MODULES = YES;
				CLANG_ENABLE_OBJC_ARC = YES;
				CLANG_WARN_BLOCK_CAPTURE_AUTORELEASING = YES;
				CLANG_WARN_BOOL_CONVERSION = YES;
				CLANG_WARN_COMMA = YES;
				CLANG_WARN_CONSTANT_CONVERSION = YES;
				CLANG_WARN_DIRECT_OBJC_ISA_USAGE = YES_ERROR;
				CLANG_WARN_DOCUMENTATION_COMMENTS = YES;
				CLANG_WARN_EMPTY_BODY = YES;
				CLANG_WARN_ENUM_CONVERSION = YES;
				CLANG_WARN_INFINITE_RECURSION = YES;
				CLANG_WARN_INT_CONVERSION = YES;
				CLANG_WARN_NON_LITERAL_NULL_CONVERSION = YES;
				CLANG_WARN_OBJC_LITERAL_CONVERSION = YES;
				CLANG_WARN_OBJC_ROOT_CLASS = YES_ERROR;
				CLANG_WARN_RANGE_LOOP_ANALYSIS = YES;
				CLANG_WARN_STRICT_PROTOTYPES = YES;
				CLANG_WARN_SUSPICIOUS_MOVE = YES;
				CLANG_WARN_UNGUARDED_AVAILABILITY = YES_AGGRESSIVE;
				CLANG_WARN_UNREACHABLE_CODE = YES;
				CLANG_WARN__DUPLICATE_METHOD_MATCH = YES;
				CODE_SIGN_IDENTITY = "iPhone Developer";
				COPY_PHASE_STRIP = NO;
				DEBUG_INFORMATION_FORMAT = dwarf;
				ENABLE_STRICT_OBJC_MSGSEND = YES;
				ENABLE_TESTABILITY = YES;
				GCC_C_LANGUAGE_STANDARD = gnu11;
				GCC_DYNAMIC_NO_PIC = NO;
				GCC_NO_COMMON_BLOCKS = YES;
				GCC_OPTIMIZATION_LEVEL = 0;
				GCC_PREPROCESSOR_DEFINITIONS = (
					"DEBUG=1",
					"$(inherited)",
				);
				GCC_WARN_64_TO_32_BIT_CONVERSION = YES;
				GCC_WARN_ABOUT_RETURN_TYPE = YES_ERROR;
				GCC_WARN_UNDECLARED_SELECTOR = YES;
				GCC_WARN_UNINITIALIZED_AUTOS = YES_AGGRESSIVE;
				GCC_WARN_UNUSED_FUNCTION = YES;
				GCC_WARN_UNUSED_VARIABLE = YES;
				IPHONEOS_DEPLOYMENT_TARGET = 11.2;
				MTL_ENABLE_DEBUG_INFO = YES;
				ONLY_ACTIVE_ARCH = YES;
				SDKROOT = iphoneos;
				SWIFT_ACTIVE_COMPILATION_CONDITIONS = DEBUG;
				SWIFT_OPTIMIZATION_LEVEL = "-Onone";
			};
			name = Debug;
		};
		4C059B28224F06D000121017 /* Release */ = {
			isa = XCBuildConfiguration;
			buildSettings = {
				ALWAYS_SEARCH_USER_PATHS = NO;
				CLANG_ANALYZER_NONNULL = YES;
				CLANG_ANALYZER_NUMBER_OBJECT_CONVERSION = YES_AGGRESSIVE;
				CLANG_CXX_LANGUAGE_STANDARD = "gnu++14";
				CLANG_CXX_LIBRARY = "libc++";
				CLANG_ENABLE_MODULES = YES;
				CLANG_ENABLE_OBJC_ARC = YES;
				CLANG_WARN_BLOCK_CAPTURE_AUTORELEASING = YES;
				CLANG_WARN_BOOL_CONVERSION = YES;
				CLANG_WARN_COMMA = YES;
				CLANG_WARN_CONSTANT_CONVERSION = YES;
				CLANG_WARN_DIRECT_OBJC_ISA_USAGE = YES_ERROR;
				CLANG_WARN_DOCUMENTATION_COMMENTS = YES;
				CLANG_WARN_EMPTY_BODY = YES;
				CLANG_WARN_ENUM_CONVERSION = YES;
				CLANG_WARN_INFINITE_RECURSION = YES;
				CLANG_WARN_INT_CONVERSION = YES;
				CLANG_WARN_NON_LITERAL_NULL_CONVERSION = YES;
				CLANG_WARN_OBJC_LITERAL_CONVERSION = YES;
				CLANG_WARN_OBJC_ROOT_CLASS = YES_ERROR;
				CLANG_WARN_RANGE_LOOP_ANALYSIS = YES;
				CLANG_WARN_STRICT_PROTOTYPES = YES;
				CLANG_WARN_SUSPICIOUS_MOVE = YES;
				CLANG_WARN_UNGUARDED_AVAILABILITY = YES_AGGRESSIVE;
				CLANG_WARN_UNREACHABLE_CODE = YES;
				CLANG_WARN__DUPLICATE_METHOD_MATCH = YES;
				CODE_SIGN_IDENTITY = "iPhone Developer";
				COPY_PHASE_STRIP = NO;
				DEBUG_INFORMATION_FORMAT = "dwarf-with-dsym";
				ENABLE_NS_ASSERTIONS = NO;
				ENABLE_STRICT_OBJC_MSGSEND = YES;
				GCC_C_LANGUAGE_STANDARD = gnu11;
				GCC_NO_COMMON_BLOCKS = YES;
				GCC_WARN_64_TO_32_BIT_CONVERSION = YES;
				GCC_WARN_ABOUT_RETURN_TYPE = YES_ERROR;
				GCC_WARN_UNDECLARED_SELECTOR = YES;
				GCC_WARN_UNINITIALIZED_AUTOS = YES_AGGRESSIVE;
				GCC_WARN_UNUSED_FUNCTION = YES;
				GCC_WARN_UNUSED_VARIABLE = YES;
				IPHONEOS_DEPLOYMENT_TARGET = 11.2;
				MTL_ENABLE_DEBUG_INFO = NO;
				SDKROOT = iphoneos;
				SWIFT_OPTIMIZATION_LEVEL = "-Owholemodule";
				VALIDATE_PRODUCT = YES;
			};
			name = Release;
		};
		4C059B2A224F06D000121017 /* Debug */ = {
			isa = XCBuildConfiguration;
			buildSettings = {
				ASSETCATALOG_COMPILER_APPICON_NAME = AppIcon;
				CODE_SIGN_STYLE = Automatic;
				INFOPLIST_FILE = "Weather App/Info.plist";
				LD_RUNPATH_SEARCH_PATHS = "$(inherited) @executable_path/Frameworks";
				PRODUCT_BUNDLE_IDENTIFIER = "poonam.com.Prime.Weather-App";
				PRODUCT_NAME = "$(TARGET_NAME)";
				SWIFT_VERSION = 4.0;
				TARGETED_DEVICE_FAMILY = "1,2";
			};
			name = Debug;
		};
		4C059B2B224F06D000121017 /* Release */ = {
			isa = XCBuildConfiguration;
			buildSettings = {
				ASSETCATALOG_COMPILER_APPICON_NAME = AppIcon;
				CODE_SIGN_STYLE = Automatic;
				INFOPLIST_FILE = "Weather App/Info.plist";
				LD_RUNPATH_SEARCH_PATHS = "$(inherited) @executable_path/Frameworks";
				PRODUCT_BUNDLE_IDENTIFIER = "poonam.com.Prime.Weather-App";
				PRODUCT_NAME = "$(TARGET_NAME)";
				SWIFT_VERSION = 4.0;
				TARGETED_DEVICE_FAMILY = "1,2";
			};
			name = Release;
		};
/* End XCBuildConfiguration section */

/* Begin XCConfigurationList section */
		4C059B12224F06D000121017 /* Build configuration list for PBXProject "Weather App" */ = {
			isa = XCConfigurationList;
			buildConfigurations = (
				4C059B27224F06D000121017 /* Debug */,
				4C059B28224F06D000121017 /* Release */,
			);
			defaultConfigurationIsVisible = 0;
			defaultConfigurationName = Release;
		};
		4C059B29224F06D000121017 /* Build configuration list for PBXNativeTarget "Weather App" */ = {
			isa = XCConfigurationList;
			buildConfigurations = (
				4C059B2A224F06D000121017 /* Debug */,
				4C059B2B224F06D000121017 /* Release */,
			);
			defaultConfigurationIsVisible = 0;
			defaultConfigurationName = Release;
		};
/* End XCConfigurationList section */

/* Begin XCVersionGroup section */
		4C4F636D224F855400EBB5A7 /* DatabaseModel.xcdatamodeld */ = {
			isa = XCVersionGroup;
			children = (
				4C4F636E224F855400EBB5A7 /* DatabaseModel.xcdatamodel */,
			);
			currentVersion = 4C4F636E224F855400EBB5A7 /* DatabaseModel.xcdatamodel */;
			path = DatabaseModel.xcdatamodeld;
			sourceTree = "<group>";
			versionGroupType = wrapper.xcdatamodel;
		};
/* End XCVersionGroup section */
	};
	rootObject = 4C059B0F224F06D000121017 /* Project object */;
}
